
Microsoft Visual Studio Solution File, Format Version 12.00
# Visual Studio Version 17
VisualStudioVersion = 17.9.34728.123
MinimumVisualStudioVersion = 10.0.40219.1
Project("{FAE04EC0-301F-11D3-BF4B-00C04F79EFBC}") = "Trabalho de recuperação", "simulações para a prova\Trabalho de recuperação.csproj", "{02C12951-BD96-4951-98A3-3FC42DA2F563}"
EndProject
Global
	GlobalSection(SolutionConfigurationPlatforms) = preSolution
		Debug|Any CPU = Debug|Any CPU
		Release|Any CPU = Release|Any CPU
	EndGlobalSection
	GlobalSection(ProjectConfigurationPlatforms) = postSolution
		{02C12951-BD96-4951-98A3-3FC42DA2F563}.Debug|Any CPU.ActiveCfg = Debug|Any CPU
		{02C12951-BD96-4951-98A3-3FC42DA2F563}.Debug|Any CPU.Build.0 = Debug|Any CPU
		{02C12951-BD96-4951-98A3-3FC42DA2F563}.Release|Any CPU.ActiveCfg = Release|Any CPU
		{02C12951-BD96-4951-98A3-3FC42DA2F563}.Release|Any CPU.Build.0 = Release|Any CPU
	EndGlobalSection
	GlobalSection(SolutionProperties) = preSolution
		HideSolutionNode = FALSE
	EndGlobalSection
	GlobalSection(ExtensibilityGlobals) = postSolution
		SolutionGuid = {29050707-6AC3-4D21-B3BE-9D2411392B40}
	EndGlobalSection
EndGlobal
